// !$*UTF8*$!
{
	archiveVersion = 1;
	classes = {};
	objectVersion = 56;
	objects = {
		000000000000000000000020 = { isa = PBXNativeTarget; buildConfigurationList = 000000000000000000000029; buildPhases = (000000000000000000000025, 000000000000000000000026); buildRules = (); dependencies = (00000000000000000000002D); name = BibbidiUITests; productName = BibbidiUITests; productReference = 000000000000000000000022; productType = "com.apple.product-type.bundle.ui-testing"; };
		000000000000000000000021 = { isa = PBXFileReference; lastKnownFileType = sourcecode.swift; path = AppLaunchTests.swift; sourceTree = "<group>"; };
		000000000000000000000022 = { isa = PBXFileReference; explicitFileType = wrapper.cfbundle; path = BibbidiUITests.xctest; sourceTree = BUILT_PRODUCTS_DIR; };
		000000000000000000000023 = { isa = PBXBuildFile; fileRef = 000000000000000000000021; };
		000000000000000000000024 = { isa = PBXGroup; children = (000000000000000000000021); path = iosAppUITests; sourceTree = "<group>"; };
		000000000000000000000025 = { isa = PBXSourcesBuildPhase; buildActionMask = 2147483647; files = (000000000000000000000023); runOnlyForDeploymentPostprocessing = 0; };
		000000000000000000000026 = { isa = PBXFrameworksBuildPhase; buildActionMask = 2147483647; files = (); runOnlyForDeploymentPostprocessing = 0; };
		000000000000000000000029 = { isa = XCConfigurationList; buildConfigurations = (00000000000000000000002A, 00000000000000000000002B); defaultConfigurationIsVisible = 0; defaultConfigurationName = Release; };
		00000000000000000000002C = { isa = PBXContainerItemProxy; containerPortal = 000000000000000000000001; proxyType = 1; remoteGlobalIDString = 000000000000000000000009; remoteInfo = Bibbidi; };
		00000000000000000000002D = { isa = PBXTargetDependency; target = 000000000000000000000009; targetProxy = 00000000000000000000002C; };
		00000000000000000000002A = { isa = XCBuildConfiguration; buildSettings = { CODE_SIGN_STYLE = Automatic; GENERATE_INFOPLIST_FILE = YES; IPHONEOS_DEPLOYMENT_TARGET = 15.0; PRODUCT_BUNDLE_IDENTIFIER = com.bobbidi.bibbidi.uitests; PRODUCT_NAME = "$(TARGET_NAME)"; SDKROOT = iphoneos; SUPPORTED_PLATFORMS = "iphoneos iphonesimulator"; SWIFT_VERSION = 5.0; TARGETED_DEVICE_FAMILY = "1,2"; TEST_TARGET_NAME = Bibbidi; }; name = Debug; };
		00000000000000000000002B = { isa = XCBuildConfiguration; buildSettings = { CODE_SIGN_STYLE = Automatic; GENERATE_INFOPLIST_FILE = YES; IPHONEOS_DEPLOYMENT_TARGET = 15.0; PRODUCT_BUNDLE_IDENTIFIER = com.bobbidi.bibbidi.uitests; PRODUCT_NAME = "$(TARGET_NAME)"; SDKROOT = iphoneos; SUPPORTED_PLATFORMS = "iphoneos iphonesimulator"; SWIFT_VERSION = 5.0; TARGETED_DEVICE_FAMILY = "1,2"; TEST_TARGET_NAME = Bibbidi; }; name = Release; };
		000000000000000000000005 = { isa = PBXFileReference; lastKnownFileType = sourcecode.swift; path = BibbidiApp.swift; sourceTree = "<group>"; };
		000000000000000000000006 = { isa = PBXFileReference; lastKnownFileType = text.plist.xml; path = Info.plist; sourceTree = "<group>"; };
		000000000000000000000007 = { isa = PBXFileReference; explicitFileType = wrapper.application; path = Bibbidi.app; sourceTree = BUILT_PRODUCTS_DIR; };
		000000000000000000000008 = { isa = PBXBuildFile; fileRef = 000000000000000000000005; };
		000000000000000000000003 = { isa = PBXGroup; children = (000000000000000000000005, 000000000000000000000006); path = iosApp; sourceTree = "<group>"; };
		000000000000000000000004 = { isa = PBXGroup; children = (000000000000000000000007, 000000000000000000000022); name = Products; sourceTree = "<group>"; };
		000000000000000000000002 = { isa = PBXGroup; children = (000000000000000000000003, 000000000000000000000024, 000000000000000000000004); sourceTree = "<group>"; };
		00000000000000000000000A = { isa = PBXSourcesBuildPhase; buildActionMask = 2147483647; files = (000000000000000000000008); runOnlyForDeploymentPostprocessing = 0; };
		00000000000000000000000B = { isa = PBXFrameworksBuildPhase; buildActionMask = 2147483647; files = (); runOnlyForDeploymentPostprocessing = 0; };
		00000000000000000000000C = { isa = PBXResourcesBuildPhase; buildActionMask = 2147483647; files = (); runOnlyForDeploymentPostprocessing = 0; };
		00000000000000000000000D = { isa = PBXShellScriptBuildPhase; alwaysOutOfDate = 1; buildActionMask = 2147483647; files = (); inputPaths = (); outputPaths = (); name = "Build shared framework"; runOnlyForDeploymentPostprocessing = 0; shellPath = /bin/sh; shellScript = "set -eu\nif [ \"YES\" = \"${OVERRIDE_KOTLIN_BUILD_IDE_SUPPORTED:-NO}\" ]; then\n    exit 0\nfi\ncd \"$SRCROOT/..\"\nif [ -z \"${JAVA_HOME:-}\" ]; then\n    export JAVA_HOME=$(/usr/libexec/java_home -v 25)\nfi\n./gradlew :shared:embedAndSignAppleFrameworkForXcode\n"; };
		000000000000000000000009 = { isa = PBXNativeTarget; buildConfigurationList = 00000000000000000000000F; buildPhases = (00000000000000000000000D, 00000000000000000000000A, 00000000000000000000000B, 00000000000000000000000C); buildRules = (); dependencies = (); name = Bibbidi; productName = Bibbidi; productReference = 000000000000000000000007; productType = "com.apple.product-type.application"; };
		000000000000000000000001 = { isa = PBXProject; attributes = { BuildIndependentTargetsInParallel = YES; LastUpgradeCheck = 2600; }; buildConfigurationList = 00000000000000000000000E; compatibilityVersion = "Xcode 14.0"; developmentRegion = ko; hasScannedForEncodings = 0; knownRegions = (ko, en, Base); mainGroup = 000000000000000000000002; productRefGroup = 000000000000000000000004; projectDirPath = ""; projectRoot = ""; targets = (000000000000000000000009, 000000000000000000000020); };
		000000000000000000000010 = { isa = XCBuildConfiguration; buildSettings = { CLANG_ENABLE_MODULES = YES; DEBUG_INFORMATION_FORMAT = dwarf; }; name = Debug; };
		000000000000000000000011 = { isa = XCBuildConfiguration; buildSettings = { CLANG_ENABLE_MODULES = YES; DEBUG_INFORMATION_FORMAT = "dwarf-with-dsym"; }; name = Release; };
		000000000000000000000012 = { isa = XCBuildConfiguration; buildSettings = { CODE_SIGN_STYLE = Automatic;
                CURRENT_PROJECT_VERSION = 4;
                ENABLE_USER_SCRIPT_SANDBOXING = NO;
                FRAMEWORK_SEARCH_PATHS = ("$(inherited)", "$(SRCROOT)/../shared/build/xcode-frameworks/$(CONFIGURATION)/$(SDK_NAME)");
                INFOPLIST_FILE = iosApp/Info.plist;
                IPHONEOS_DEPLOYMENT_TARGET = 15.0;
                LD_RUNPATH_SEARCH_PATHS = ("$(inherited)", "@executable_path/Frameworks");
                MARKETING_VERSION = 1.0.1;
                OTHER_LDFLAGS = ("$(inherited)", "-framework", Shared);
                PRODUCT_BUNDLE_IDENTIFIER = com.bobbidi.bibbidi;
                PRODUCT_NAME = Bibbidi;
                SDKROOT = iphoneos;
                SUPPORTED_PLATFORMS = "iphoneos iphonesimulator";
                SWIFT_VERSION = 5.0;
                TARGETED_DEVICE_FAMILY = "1,2"; SWIFT_OPTIMIZATION_LEVEL = "-Onone"; SWIFT_ACTIVE_COMPILATION_CONDITIONS = DEBUG; }; name = Debug; };
		000000000000000000000013 = { isa = XCBuildConfiguration; buildSettings = { CODE_SIGN_STYLE = Automatic;
                CURRENT_PROJECT_VERSION = 4;
                ENABLE_USER_SCRIPT_SANDBOXING = NO;
                FRAMEWORK_SEARCH_PATHS = ("$(inherited)", "$(SRCROOT)/../shared/build/xcode-frameworks/$(CONFIGURATION)/$(SDK_NAME)");
                INFOPLIST_FILE = iosApp/Info.plist;
                IPHONEOS_DEPLOYMENT_TARGET = 15.0;
                LD_RUNPATH_SEARCH_PATHS = ("$(inherited)", "@executable_path/Frameworks");
                MARKETING_VERSION = 1.0.1;
                OTHER_LDFLAGS = ("$(inherited)", "-framework", Shared);
                PRODUCT_BUNDLE_IDENTIFIER = com.bobbidi.bibbidi;
                PRODUCT_NAME = Bibbidi;
                SDKROOT = iphoneos;
                SUPPORTED_PLATFORMS = "iphoneos iphonesimulator";
                SWIFT_VERSION = 5.0;
                TARGETED_DEVICE_FAMILY = "1,2"; SWIFT_OPTIMIZATION_LEVEL = "-O"; }; name = Release; };
		00000000000000000000000E = { isa = XCConfigurationList; buildConfigurations = (000000000000000000000010, 000000000000000000000011); defaultConfigurationIsVisible = 0; defaultConfigurationName = Release; };
		00000000000000000000000F = { isa = XCConfigurationList; buildConfigurations = (000000000000000000000012, 000000000000000000000013); defaultConfigurationIsVisible = 0; defaultConfigurationName = Release; };
	};
	rootObject = 000000000000000000000001;
}
